
Microsoft Visual Studio Solution File, Format Version 12.00
# Visual Studio 15
VisualStudioVersion = 15.0.28307.421
MinimumVisualStudioVersion = 10.0.40219.1
Project("{FAE04EC0-301F-11D3-BF4B-00C04F79EFBC}") = "CJJ.Blog.Web", "CJJ.Blog.Web\CJJ.Blog.Web.csproj", "{24082929-9E6F-469A-A54F-BBC8A07020E6}"
EndProject
Project("{FAE04EC0-301F-11D3-BF4B-00C04F79EFBC}") = "CJJ.Blog.Main", "CJJ.Blog.Main\CJJ.Blog.Main.csproj", "{3B156C4D-965D-4915-A2CB-7E90DDDB7996}"
EndProject
Project("{FAE04EC0-301F-11D3-BF4B-00C04F79EFBC}") = "CJJ.WeChart.API", "CJJ.WeChart.API\CJJ.WeChart.API.csproj", "{6CA8108C-0B89-4021-A185-7AA18E1D3268}"
EndProject
Project("{2150E333-8FDC-42A3-9474-1A3956D46DE8}") = "Dll", "Dll", "{85BFD0E5-B657-404C-B65D-2A23F79AB6CF}"
EndProject
Project("{FAE04EC0-301F-11D3-BF4B-00C04F79EFBC}") = "FastDev.Config", "FastDev.Config\FastDev.Config.csproj", "{54F5CBC8-9612-41B3-8648-784FF319F897}"
EndProject
Project("{FAE04EC0-301F-11D3-BF4B-00C04F79EFBC}") = "FastDev.Log", "FastDev.Log\FastDev.Log.csproj", "{5072D21A-645E-4AD7-B211-229A34AAD7AD}"
EndProject
Global
	GlobalSection(SolutionConfigurationPlatforms) = preSolution
		Debug|Any CPU = Debug|Any CPU
		Release|Any CPU = Release|Any CPU
	EndGlobalSection
	GlobalSection(ProjectConfigurationPlatforms) = postSolution
		{24082929-9E6F-469A-A54F-BBC8A07020E6}.Debug|Any CPU.ActiveCfg = Debug|Any CPU
		{24082929-9E6F-469A-A54F-BBC8A07020E6}.Debug|Any CPU.Build.0 = Debug|Any CPU
		{24082929-9E6F-469A-A54F-BBC8A07020E6}.Release|Any CPU.ActiveCfg = Release|Any CPU
		{24082929-9E6F-469A-A54F-BBC8A07020E6}.Release|Any CPU.Build.0 = Release|Any CPU
		{3B156C4D-965D-4915-A2CB-7E90DDDB7996}.Debug|Any CPU.ActiveCfg = Debug|Any CPU
		{3B156C4D-965D-4915-A2CB-7E90DDDB7996}.Debug|Any CPU.Build.0 = Debug|Any CPU
		{3B156C4D-965D-4915-A2CB-7E90DDDB7996}.Release|Any CPU.ActiveCfg = Release|Any CPU
		{3B156C4D-965D-4915-A2CB-7E90DDDB7996}.Release|Any CPU.Build.0 = Release|Any CPU
		{6CA8108C-0B89-4021-A185-7AA18E1D3268}.Debug|Any CPU.ActiveCfg = Debug|Any CPU
		{6CA8108C-0B89-4021-A185-7AA18E1D3268}.Debug|Any CPU.Build.0 = Debug|Any CPU
		{6CA8108C-0B89-4021-A185-7AA18E1D3268}.Release|Any CPU.ActiveCfg = Release|Any CPU
		{6CA8108C-0B89-4021-A185-7AA18E1D3268}.Release|Any CPU.Build.0 = Release|Any CPU
		{54F5CBC8-9612-41B3-8648-784FF319F897}.Debug|Any CPU.ActiveCfg = Debug|Any CPU
		{54F5CBC8-9612-41B3-8648-784FF319F897}.Debug|Any CPU.Build.0 = Debug|Any CPU
		{54F5CBC8-9612-41B3-8648-784FF319F897}.Release|Any CPU.ActiveCfg = Release|Any CPU
		{54F5CBC8-9612-41B3-8648-784FF319F897}.Release|Any CPU.Build.0 = Release|Any CPU
		{5072D21A-645E-4AD7-B211-229A34AAD7AD}.Debug|Any CPU.ActiveCfg = Debug|Any CPU
		{5072D21A-645E-4AD7-B211-229A34AAD7AD}.Debug|Any CPU.Build.0 = Debug|Any CPU
		{5072D21A-645E-4AD7-B211-229A34AAD7AD}.Release|Any CPU.ActiveCfg = Release|Any CPU
		{5072D21A-645E-4AD7-B211-229A34AAD7AD}.Release|Any CPU.Build.0 = Release|Any CPU
	EndGlobalSection
	GlobalSection(SolutionProperties) = preSolution
		HideSolutionNode = FALSE
	EndGlobalSection
	GlobalSection(ExtensibilityGlobals) = postSolution
		SolutionGuid = {5BA90B4E-ACA3-4291-BAC4-6B845D75BF0A}
	EndGlobalSection
EndGlobal
