
Microsoft Visual Studio Solution File, Format Version 12.00
# Visual Studio 15
VisualStudioVersion = 15.0.28307.421
MinimumVisualStudioVersion = 10.0.40219.1
Project("{FAE04EC0-301F-11D3-BF4B-00C04F79EFBC}") = "CJJ.Blog.Web", "CJJ.Blog.Web\CJJ.Blog.Web.csproj", "{24082929-9E6F-469A-A54F-BBC8A07020E6}"
EndProject
Global
	GlobalSection(SolutionConfigurationPlatforms) = preSolution
		Debug|Any CPU = Debug|Any CPU
		Release|Any CPU = Release|Any CPU
	EndGlobalSection
	GlobalSection(ProjectConfigurationPlatforms) = postSolution
		{24082929-9E6F-469A-A54F-BBC8A07020E6}.Debug|Any CPU.ActiveCfg = Debug|Any CPU
		{24082929-9E6F-469A-A54F-BBC8A07020E6}.Debug|Any CPU.Build.0 = Debug|Any CPU
		{24082929-9E6F-469A-A54F-BBC8A07020E6}.Release|Any CPU.ActiveCfg = Release|Any CPU
		{24082929-9E6F-469A-A54F-BBC8A07020E6}.Release|Any CPU.Build.0 = Release|Any CPU
	EndGlobalSection
	GlobalSection(SolutionProperties) = preSolution
		HideSolutionNode = FALSE
	EndGlobalSection
	GlobalSection(ExtensibilityGlobals) = postSolution
		SolutionGuid = {5BA90B4E-ACA3-4291-BAC4-6B845D75BF0A}
	EndGlobalSection
EndGlobal
